// !$*UTF8*$!
{
	archiveVersion = 1;
	classes = {
	};
	objectVersion = 46;
	objects = {

/* Begin PBXBuildFile section */
		423358313A477CA7B35B829C /* Pods_WeatherGifTests.framework in Frameworks */ = {isa = PBXBuildFile; fileRef = 6276CD9C0268E09D06F063B7 /* Pods_WeatherGifTests.framework */; };
		9F1CBBC57A00C8318ECAEBE8 /* Pods_WeatherGif.framework in Frameworks */ = {isa = PBXBuildFile; fileRef = 0630087E8516DE3C2C920B79 /* Pods_WeatherGif.framework */; };
		D8D94E431E38F43C00AF8E3C /* AppDelegate.swift in Sources */ = {isa = PBXBuildFile; fileRef = D8D94E421E38F43C00AF8E3C /* AppDelegate.swift */; };
		D8D94E481E38F43C00AF8E3C /* Main.storyboard in Resources */ = {isa = PBXBuildFile; fileRef = D8D94E461E38F43C00AF8E3C /* Main.storyboard */; };
		D8D94E4A1E38F43C00AF8E3C /* Assets.xcassets in Resources */ = {isa = PBXBuildFile; fileRef = D8D94E491E38F43C00AF8E3C /* Assets.xcassets */; };
		D8D94E4D1E38F43C00AF8E3C /* LaunchScreen.storyboard in Resources */ = {isa = PBXBuildFile; fileRef = D8D94E4B1E38F43C00AF8E3C /* LaunchScreen.storyboard */; };
		D8D94E581E38F43C00AF8E3C /* WeatherGifTests.swift in Sources */ = {isa = PBXBuildFile; fileRef = D8D94E571E38F43C00AF8E3C /* WeatherGifTests.swift */; };
		D8D94E6A1E38F8CF00AF8E3C /* ForecastViewController.swift in Sources */ = {isa = PBXBuildFile; fileRef = D8D94E691E38F8CF00AF8E3C /* ForecastViewController.swift */; };
		D8D94E6C1E38F8E000AF8E3C /* ForecastPresenter.swift in Sources */ = {isa = PBXBuildFile; fileRef = D8D94E6B1E38F8E000AF8E3C /* ForecastPresenter.swift */; };
		D8D94E6E1E38FA1B00AF8E3C /* Forecast.swift in Sources */ = {isa = PBXBuildFile; fileRef = D8D94E6D1E38FA1B00AF8E3C /* Forecast.swift */; };
		D8D94E701E38FC9700AF8E3C /* DataManager.swift in Sources */ = {isa = PBXBuildFile; fileRef = D8D94E6F1E38FC9700AF8E3C /* DataManager.swift */; };
		D8D94E721E38FCF000AF8E3C /* ForecastRepository.swift in Sources */ = {isa = PBXBuildFile; fileRef = D8D94E711E38FCF000AF8E3C /* ForecastRepository.swift */; };
		D8D94E741E38FD4600AF8E3C /* DarkSkiesImpl.swift in Sources */ = {isa = PBXBuildFile; fileRef = D8D94E731E38FD4600AF8E3C /* DarkSkiesImpl.swift */; };
/* End PBXBuildFile section */

/* Begin PBXContainerItemProxy section */
		D8D94E541E38F43C00AF8E3C /* PBXContainerItemProxy */ = {
			isa = PBXContainerItemProxy;
			containerPortal = D8D94E371E38F43C00AF8E3C /* Project object */;
			proxyType = 1;
			remoteGlobalIDString = D8D94E3E1E38F43C00AF8E3C;
			remoteInfo = WeatherGif;
		};
/* End PBXContainerItemProxy section */

/* Begin PBXFileReference section */
		0630087E8516DE3C2C920B79 /* Pods_WeatherGif.framework */ = {isa = PBXFileReference; explicitFileType = wrapper.framework; includeInIndex = 0; path = Pods_WeatherGif.framework; sourceTree = BUILT_PRODUCTS_DIR; };
		28EBF35B496A41ED1FC887A3 /* Pods-WeatherGif.release.xcconfig */ = {isa = PBXFileReference; includeInIndex = 1; lastKnownFileType = text.xcconfig; name = "Pods-WeatherGif.release.xcconfig"; path = "Pods/Target Support Files/Pods-WeatherGif/Pods-WeatherGif.release.xcconfig"; sourceTree = "<group>"; };
		6276CD9C0268E09D06F063B7 /* Pods_WeatherGifTests.framework */ = {isa = PBXFileReference; explicitFileType = wrapper.framework; includeInIndex = 0; path = Pods_WeatherGifTests.framework; sourceTree = BUILT_PRODUCTS_DIR; };
		A35E28F9BEB8879EEC8251A9 /* Pods-WeatherGifTests.debug.xcconfig */ = {isa = PBXFileReference; includeInIndex = 1; lastKnownFileType = text.xcconfig; name = "Pods-WeatherGifTests.debug.xcconfig"; path = "Pods/Target Support Files/Pods-WeatherGifTests/Pods-WeatherGifTests.debug.xcconfig"; sourceTree = "<group>"; };
		C1A51E726423B34C40A83911 /* Pods-WeatherGifTests.release.xcconfig */ = {isa = PBXFileReference; includeInIndex = 1; lastKnownFileType = text.xcconfig; name = "Pods-WeatherGifTests.release.xcconfig"; path = "Pods/Target Support Files/Pods-WeatherGifTests/Pods-WeatherGifTests.release.xcconfig"; sourceTree = "<group>"; };
		D8D94E3F1E38F43C00AF8E3C /* WeatherGif.app */ = {isa = PBXFileReference; explicitFileType = wrapper.application; includeInIndex = 0; path = WeatherGif.app; sourceTree = BUILT_PRODUCTS_DIR; };
		D8D94E421E38F43C00AF8E3C /* AppDelegate.swift */ = {isa = PBXFileReference; lastKnownFileType = sourcecode.swift; path = AppDelegate.swift; sourceTree = "<group>"; };
		D8D94E471E38F43C00AF8E3C /* Base */ = {isa = PBXFileReference; lastKnownFileType = file.storyboard; name = Base; path = Base.lproj/Main.storyboard; sourceTree = "<group>"; };
		D8D94E491E38F43C00AF8E3C /* Assets.xcassets */ = {isa = PBXFileReference; lastKnownFileType = folder.assetcatalog; path = Assets.xcassets; sourceTree = "<group>"; };
		D8D94E4C1E38F43C00AF8E3C /* Base */ = {isa = PBXFileReference; lastKnownFileType = file.storyboard; name = Base; path = Base.lproj/LaunchScreen.storyboard; sourceTree = "<group>"; };
		D8D94E4E1E38F43C00AF8E3C /* Info.plist */ = {isa = PBXFileReference; lastKnownFileType = text.plist.xml; path = Info.plist; sourceTree = "<group>"; };
		D8D94E531E38F43C00AF8E3C /* WeatherGifTests.xctest */ = {isa = PBXFileReference; explicitFileType = wrapper.cfbundle; includeInIndex = 0; path = WeatherGifTests.xctest; sourceTree = BUILT_PRODUCTS_DIR; };
		D8D94E571E38F43C00AF8E3C /* WeatherGifTests.swift */ = {isa = PBXFileReference; lastKnownFileType = sourcecode.swift; path = WeatherGifTests.swift; sourceTree = "<group>"; };
		D8D94E591E38F43C00AF8E3C /* Info.plist */ = {isa = PBXFileReference; lastKnownFileType = text.plist.xml; path = Info.plist; sourceTree = "<group>"; };
		D8D94E691E38F8CF00AF8E3C /* ForecastViewController.swift */ = {isa = PBXFileReference; fileEncoding = 4; lastKnownFileType = sourcecode.swift; path = ForecastViewController.swift; sourceTree = "<group>"; };
		D8D94E6B1E38F8E000AF8E3C /* ForecastPresenter.swift */ = {isa = PBXFileReference; fileEncoding = 4; lastKnownFileType = sourcecode.swift; path = ForecastPresenter.swift; sourceTree = "<group>"; };
		D8D94E6D1E38FA1B00AF8E3C /* Forecast.swift */ = {isa = PBXFileReference; fileEncoding = 4; lastKnownFileType = sourcecode.swift; path = Forecast.swift; sourceTree = "<group>"; };
		D8D94E6F1E38FC9700AF8E3C /* DataManager.swift */ = {isa = PBXFileReference; fileEncoding = 4; lastKnownFileType = sourcecode.swift; path = DataManager.swift; sourceTree = "<group>"; };
		D8D94E711E38FCF000AF8E3C /* ForecastRepository.swift */ = {isa = PBXFileReference; fileEncoding = 4; lastKnownFileType = sourcecode.swift; path = ForecastRepository.swift; sourceTree = "<group>"; };
		D8D94E731E38FD4600AF8E3C /* DarkSkiesImpl.swift */ = {isa = PBXFileReference; fileEncoding = 4; lastKnownFileType = sourcecode.swift; path = DarkSkiesImpl.swift; sourceTree = "<group>"; };
		F045EC41540AD1324F6C6E7B /* Pods-WeatherGif.debug.xcconfig */ = {isa = PBXFileReference; includeInIndex = 1; lastKnownFileType = text.xcconfig; name = "Pods-WeatherGif.debug.xcconfig"; path = "Pods/Target Support Files/Pods-WeatherGif/Pods-WeatherGif.debug.xcconfig"; sourceTree = "<group>"; };
/* End PBXFileReference section */

/* Begin PBXFrameworksBuildPhase section */
		D8D94E3C1E38F43C00AF8E3C /* Frameworks */ = {
			isa = PBXFrameworksBuildPhase;
			buildActionMask = 2147483647;
			files = (
				9F1CBBC57A00C8318ECAEBE8 /* Pods_WeatherGif.framework in Frameworks */,
			);
			runOnlyForDeploymentPostprocessing = 0;
		};
		D8D94E501E38F43C00AF8E3C /* Frameworks */ = {
			isa = PBXFrameworksBuildPhase;
			buildActionMask = 2147483647;
			files = (
				423358313A477CA7B35B829C /* Pods_WeatherGifTests.framework in Frameworks */,
			);
			runOnlyForDeploymentPostprocessing = 0;
		};
/* End PBXFrameworksBuildPhase section */

/* Begin PBXGroup section */
		9E92CDDA9B64EFAA4C322B6C /* Pods */ = {
			isa = PBXGroup;
			children = (
				F045EC41540AD1324F6C6E7B /* Pods-WeatherGif.debug.xcconfig */,
				28EBF35B496A41ED1FC887A3 /* Pods-WeatherGif.release.xcconfig */,
				A35E28F9BEB8879EEC8251A9 /* Pods-WeatherGifTests.debug.xcconfig */,
				C1A51E726423B34C40A83911 /* Pods-WeatherGifTests.release.xcconfig */,
			);
			name = Pods;
			sourceTree = "<group>";
		};
		D8D94E361E38F43C00AF8E3C = {
			isa = PBXGroup;
			children = (
				D8D94E411E38F43C00AF8E3C /* WeatherGif */,
				D8D94E561E38F43C00AF8E3C /* WeatherGifTests */,
				D8D94E401E38F43C00AF8E3C /* Products */,
				9E92CDDA9B64EFAA4C322B6C /* Pods */,
				F0D52223DF35E35F582FD082 /* Frameworks */,
			);
			sourceTree = "<group>";
		};
		D8D94E401E38F43C00AF8E3C /* Products */ = {
			isa = PBXGroup;
			children = (
				D8D94E3F1E38F43C00AF8E3C /* WeatherGif.app */,
				D8D94E531E38F43C00AF8E3C /* WeatherGifTests.xctest */,
			);
			name = Products;
			sourceTree = "<group>";
		};
		D8D94E411E38F43C00AF8E3C /* WeatherGif */ = {
			isa = PBXGroup;
			children = (
				D8D94E621E38F56D00AF8E3C /* Data */,
				D8D94E631E38F59900AF8E3C /* UI */,
				D8D94E641E38F5AD00AF8E3C /* Util */,
				D8D94E421E38F43C00AF8E3C /* AppDelegate.swift */,
				D8D94E461E38F43C00AF8E3C /* Main.storyboard */,
				D8D94E491E38F43C00AF8E3C /* Assets.xcassets */,
				D8D94E4B1E38F43C00AF8E3C /* LaunchScreen.storyboard */,
				D8D94E4E1E38F43C00AF8E3C /* Info.plist */,
			);
			path = WeatherGif;
			sourceTree = "<group>";
		};
		D8D94E561E38F43C00AF8E3C /* WeatherGifTests */ = {
			isa = PBXGroup;
			children = (
				D8D94E571E38F43C00AF8E3C /* WeatherGifTests.swift */,
				D8D94E591E38F43C00AF8E3C /* Info.plist */,
			);
			path = WeatherGifTests;
			sourceTree = "<group>";
		};
		D8D94E621E38F56D00AF8E3C /* Data */ = {
			isa = PBXGroup;
			children = (
				D8D94E651E38F5C300AF8E3C /* Model */,
				D8D94E661E38F5D100AF8E3C /* Local */,
				D8D94E671E38F5DD00AF8E3C /* Remote */,
				D8D94E6F1E38FC9700AF8E3C /* DataManager.swift */,
			);
			path = Data;
			sourceTree = "<group>";
		};
		D8D94E631E38F59900AF8E3C /* UI */ = {
			isa = PBXGroup;
			children = (
				D8D94E681E38F67700AF8E3C /* Forecast */,
			);
			path = UI;
			sourceTree = "<group>";
		};
		D8D94E641E38F5AD00AF8E3C /* Util */ = {
			isa = PBXGroup;
			children = (
			);
			path = Util;
			sourceTree = "<group>";
		};
		D8D94E651E38F5C300AF8E3C /* Model */ = {
			isa = PBXGroup;
			children = (
				D8D94E6D1E38FA1B00AF8E3C /* Forecast.swift */,
			);
			path = Model;
			sourceTree = "<group>";
		};
		D8D94E661E38F5D100AF8E3C /* Local */ = {
			isa = PBXGroup;
			children = (
			);
			path = Local;
			sourceTree = "<group>";
		};
		D8D94E671E38F5DD00AF8E3C /* Remote */ = {
			isa = PBXGroup;
			children = (
				D8D94E711E38FCF000AF8E3C /* ForecastRepository.swift */,
				D8D94E731E38FD4600AF8E3C /* DarkSkiesImpl.swift */,
			);
			path = Remote;
			sourceTree = "<group>";
		};
		D8D94E681E38F67700AF8E3C /* Forecast */ = {
			isa = PBXGroup;
			children = (
				D8D94E691E38F8CF00AF8E3C /* ForecastViewController.swift */,
				D8D94E6B1E38F8E000AF8E3C /* ForecastPresenter.swift */,
			);
			path = Forecast;
			sourceTree = "<group>";
		};
		F0D52223DF35E35F582FD082 /* Frameworks */ = {
			isa = PBXGroup;
			children = (
				0630087E8516DE3C2C920B79 /* Pods_WeatherGif.framework */,
				6276CD9C0268E09D06F063B7 /* Pods_WeatherGifTests.framework */,
			);
			name = Frameworks;
			sourceTree = "<group>";
		};
/* End PBXGroup section */

/* Begin PBXNativeTarget section */
		D8D94E3E1E38F43C00AF8E3C /* WeatherGif */ = {
			isa = PBXNativeTarget;
			buildConfigurationList = D8D94E5C1E38F43C00AF8E3C /* Build configuration list for PBXNativeTarget "WeatherGif" */;
			buildPhases = (
				F7377193538241ABFAA75945 /* [CP] Check Pods Manifest.lock */,
				D8D94E3B1E38F43C00AF8E3C /* Sources */,
				D8D94E3C1E38F43C00AF8E3C /* Frameworks */,
				D8D94E3D1E38F43C00AF8E3C /* Resources */,
				9CCE8EC4BDA5B70633497103 /* [CP] Embed Pods Frameworks */,
				BA3AAF43950FA5A0ED309C74 /* [CP] Copy Pods Resources */,
			);
			buildRules = (
			);
			dependencies = (
			);
			name = WeatherGif;
			productName = WeatherGif;
			productReference = D8D94E3F1E38F43C00AF8E3C /* WeatherGif.app */;
			productType = "com.apple.product-type.application";
		};
		D8D94E521E38F43C00AF8E3C /* WeatherGifTests */ = {
			isa = PBXNativeTarget;
			buildConfigurationList = D8D94E5F1E38F43C00AF8E3C /* Build configuration list for PBXNativeTarget "WeatherGifTests" */;
			buildPhases = (
				1FF3BE3B878E9A27A7C07873 /* [CP] Check Pods Manifest.lock */,
				D8D94E4F1E38F43C00AF8E3C /* Sources */,
				D8D94E501E38F43C00AF8E3C /* Frameworks */,
				D8D94E511E38F43C00AF8E3C /* Resources */,
				21D33D05C14386BB1B66F23A /* [CP] Embed Pods Frameworks */,
				49E9303D0E22F98DC497A0F7 /* [CP] Copy Pods Resources */,
			);
			buildRules = (
			);
			dependencies = (
				D8D94E551E38F43C00AF8E3C /* PBXTargetDependency */,
			);
			name = WeatherGifTests;
			productName = WeatherGifTests;
			productReference = D8D94E531E38F43C00AF8E3C /* WeatherGifTests.xctest */;
			productType = "com.apple.product-type.bundle.unit-test";
		};
/* End PBXNativeTarget section */

/* Begin PBXProject section */
		D8D94E371E38F43C00AF8E3C /* Project object */ = {
			isa = PBXProject;
			attributes = {
				LastSwiftUpdateCheck = 0820;
				LastUpgradeCheck = 0820;
				ORGANIZATIONNAME = "Joe Benton";
				TargetAttributes = {
					D8D94E3E1E38F43C00AF8E3C = {
						CreatedOnToolsVersion = 8.2.1;
						ProvisioningStyle = Automatic;
					};
					D8D94E521E38F43C00AF8E3C = {
						CreatedOnToolsVersion = 8.2.1;
						ProvisioningStyle = Automatic;
						TestTargetID = D8D94E3E1E38F43C00AF8E3C;
					};
				};
			};
			buildConfigurationList = D8D94E3A1E38F43C00AF8E3C /* Build configuration list for PBXProject "WeatherGif" */;
			compatibilityVersion = "Xcode 3.2";
			developmentRegion = English;
			hasScannedForEncodings = 0;
			knownRegions = (
				en,
				Base,
			);
			mainGroup = D8D94E361E38F43C00AF8E3C;
			productRefGroup = D8D94E401E38F43C00AF8E3C /* Products */;
			projectDirPath = "";
			projectRoot = "";
			targets = (
				D8D94E3E1E38F43C00AF8E3C /* WeatherGif */,
				D8D94E521E38F43C00AF8E3C /* WeatherGifTests */,
			);
		};
/* End PBXProject section */

/* Begin PBXResourcesBuildPhase section */
		D8D94E3D1E38F43C00AF8E3C /* Resources */ = {
			isa = PBXResourcesBuildPhase;
			buildActionMask = 2147483647;
			files = (
				D8D94E4D1E38F43C00AF8E3C /* LaunchScreen.storyboard in Resources */,
				D8D94E4A1E38F43C00AF8E3C /* Assets.xcassets in Resources */,
				D8D94E481E38F43C00AF8E3C /* Main.storyboard in Resources */,
			);
			runOnlyForDeploymentPostprocessing = 0;
		};
		D8D94E511E38F43C00AF8E3C /* Resources */ = {
			isa = PBXResourcesBuildPhase;
			buildActionMask = 2147483647;
			files = (
			);
			runOnlyForDeploymentPostprocessing = 0;
		};
/* End PBXResourcesBuildPhase section */

/* Begin PBXShellScriptBuildPhase section */
		1FF3BE3B878E9A27A7C07873 /* [CP] Check Pods Manifest.lock */ = {
			isa = PBXShellScriptBuildPhase;
			buildActionMask = 2147483647;
			files = (
			);
			inputPaths = (
			);
			name = "[CP] Check Pods Manifest.lock";
			outputPaths = (
			);
			runOnlyForDeploymentPostprocessing = 0;
			shellPath = /bin/sh;
			shellScript = "diff \"${PODS_ROOT}/../Podfile.lock\" \"${PODS_ROOT}/Manifest.lock\" > /dev/null\nif [ $? != 0 ] ; then\n    # print error to STDERR\n    echo \"error: The sandbox is not in sync with the Podfile.lock. Run 'pod install' or update your CocoaPods installation.\" >&2\n    exit 1\nfi\n";
			showEnvVarsInLog = 0;
		};
		21D33D05C14386BB1B66F23A /* [CP] Embed Pods Frameworks */ = {
			isa = PBXShellScriptBuildPhase;
			buildActionMask = 2147483647;
			files = (
			);
			inputPaths = (
			);
			name = "[CP] Embed Pods Frameworks";
			outputPaths = (
			);
			runOnlyForDeploymentPostprocessing = 0;
			shellPath = /bin/sh;
			shellScript = "\"${SRCROOT}/Pods/Target Support Files/Pods-WeatherGifTests/Pods-WeatherGifTests-frameworks.sh\"\n";
			showEnvVarsInLog = 0;
		};
		49E9303D0E22F98DC497A0F7 /* [CP] Copy Pods Resources */ = {
			isa = PBXShellScriptBuildPhase;
			buildActionMask = 2147483647;
			files = (
			);
			inputPaths = (
			);
			name = "[CP] Copy Pods Resources";
			outputPaths = (
			);
			runOnlyForDeploymentPostprocessing = 0;
			shellPath = /bin/sh;
			shellScript = "\"${SRCROOT}/Pods/Target Support Files/Pods-WeatherGifTests/Pods-WeatherGifTests-resources.sh\"\n";
			showEnvVarsInLog = 0;
		};
		9CCE8EC4BDA5B70633497103 /* [CP] Embed Pods Frameworks */ = {
			isa = PBXShellScriptBuildPhase;
			buildActionMask = 2147483647;
			files = (
			);
			inputPaths = (
			);
			name = "[CP] Embed Pods Frameworks";
			outputPaths = (
			);
			runOnlyForDeploymentPostprocessing = 0;
			shellPath = /bin/sh;
			shellScript = "\"${SRCROOT}/Pods/Target Support Files/Pods-WeatherGif/Pods-WeatherGif-frameworks.sh\"\n";
			showEnvVarsInLog = 0;
		};
		BA3AAF43950FA5A0ED309C74 /* [CP] Copy Pods Resources */ = {
			isa = PBXShellScriptBuildPhase;
			buildActionMask = 2147483647;
			files = (
			);
			inputPaths = (
			);
			name = "[CP] Copy Pods Resources";
			outputPaths = (
			);
			runOnlyForDeploymentPostprocessing = 0;
			shellPath = /bin/sh;
			shellScript = "\"${SRCROOT}/Pods/Target Support Files/Pods-WeatherGif/Pods-WeatherGif-resources.sh\"\n";
			showEnvVarsInLog = 0;
		};
		F7377193538241ABFAA75945 /* [CP] Check Pods Manifest.lock */ = {
			isa = PBXShellScriptBuildPhase;
			buildActionMask = 2147483647;
			files = (
			);
			inputPaths = (
			);
			name = "[CP] Check Pods Manifest.lock";
			outputPaths = (
			);
			runOnlyForDeploymentPostprocessing = 0;
			shellPath = /bin/sh;
			shellScript = "diff \"${PODS_ROOT}/../Podfile.lock\" \"${PODS_ROOT}/Manifest.lock\" > /dev/null\nif [ $? != 0 ] ; then\n    # print error to STDERR\n    echo \"error: The sandbox is not in sync with the Podfile.lock. Run 'pod install' or update your CocoaPods installation.\" >&2\n    exit 1\nfi\n";
			showEnvVarsInLog = 0;
		};
/* End PBXShellScriptBuildPhase section */

/* Begin PBXSourcesBuildPhase section */
		D8D94E3B1E38F43C00AF8E3C /* Sources */ = {
			isa = PBXSourcesBuildPhase;
			buildActionMask = 2147483647;
			files = (
				D8D94E721E38FCF000AF8E3C /* ForecastRepository.swift in Sources */,
				D8D94E6E1E38FA1B00AF8E3C /* Forecast.swift in Sources */,
				D8D94E741E38FD4600AF8E3C /* DarkSkiesImpl.swift in Sources */,
				D8D94E701E38FC9700AF8E3C /* DataManager.swift in Sources */,
				D8D94E431E38F43C00AF8E3C /* AppDelegate.swift in Sources */,
				D8D94E6A1E38F8CF00AF8E3C /* ForecastViewController.swift in Sources */,
				D8D94E6C1E38F8E000AF8E3C /* ForecastPresenter.swift in Sources */,
			);
			runOnlyForDeploymentPostprocessing = 0;
		};
		D8D94E4F1E38F43C00AF8E3C /* Sources */ = {
			isa = PBXSourcesBuildPhase;
			buildActionMask = 2147483647;
			files = (
				D8D94E581E38F43C00AF8E3C /* WeatherGifTests.swift in Sources */,
			);
			runOnlyForDeploymentPostprocessing = 0;
		};
/* End PBXSourcesBuildPhase section */

/* Begin PBXTargetDependency section */
		D8D94E551E38F43C00AF8E3C /* PBXTargetDependency */ = {
			isa = PBXTargetDependency;
			target = D8D94E3E1E38F43C00AF8E3C /* WeatherGif */;
			targetProxy = D8D94E541E38F43C00AF8E3C /* PBXContainerItemProxy */;
		};
/* End PBXTargetDependency section */

/* Begin PBXVariantGroup section */
		D8D94E461E38F43C00AF8E3C /* Main.storyboard */ = {
			isa = PBXVariantGroup;
			children = (
				D8D94E471E38F43C00AF8E3C /* Base */,
			);
			name = Main.storyboard;
			sourceTree = "<group>";
		};
		D8D94E4B1E38F43C00AF8E3C /* LaunchScreen.storyboard */ = {
			isa = PBXVariantGroup;
			children = (
				D8D94E4C1E38F43C00AF8E3C /* Base */,
			);
			name = LaunchScreen.storyboard;
			sourceTree = "<group>";
		};
/* End PBXVariantGroup section */

/* Begin XCBuildConfiguration section */
		D8D94E5A1E38F43C00AF8E3C /* Debug */ = {
			isa = XCBuildConfiguration;
			buildSettings = {
				ALWAYS_SEARCH_USER_PATHS = NO;
				CLANG_ANALYZER_NONNULL = YES;
				CLANG_CXX_LANGUAGE_STANDARD = "gnu++0x";
				CLANG_CXX_LIBRARY = "libc++";
				CLANG_ENABLE_MODULES = YES;
				CLANG_ENABLE_OBJC_ARC = YES;
				CLANG_WARN_BOOL_CONVERSION = YES;
				CLANG_WARN_CONSTANT_CONVERSION = YES;
				CLANG_WARN_DIRECT_OBJC_ISA_USAGE = YES_ERROR;
				CLANG_WARN_DOCUMENTATION_COMMENTS = YES;
				CLANG_WARN_EMPTY_BODY = YES;
				CLANG_WARN_ENUM_CONVERSION = YES;
				CLANG_WARN_INFINITE_RECURSION = YES;
				CLANG_WARN_INT_CONVERSION = YES;
				CLANG_WARN_OBJC_ROOT_CLASS = YES_ERROR;
				CLANG_WARN_SUSPICIOUS_MOVE = YES;
				CLANG_WARN_UNREACHABLE_CODE = YES;
				CLANG_WARN__DUPLICATE_METHOD_MATCH = YES;
				"CODE_SIGN_IDENTITY[sdk=iphoneos*]" = "iPhone Developer";
				COPY_PHASE_STRIP = NO;
				DEBUG_INFORMATION_FORMAT = dwarf;
				ENABLE_STRICT_OBJC_MSGSEND = YES;
				ENABLE_TESTABILITY = YES;
				GCC_C_LANGUAGE_STANDARD = gnu99;
				GCC_DYNAMIC_NO_PIC = NO;
				GCC_NO_COMMON_BLOCKS = YES;
				GCC_OPTIMIZATION_LEVEL = 0;
				GCC_PREPROCESSOR_DEFINITIONS = (
					"DEBUG=1",
					"$(inherited)",
				);
				GCC_WARN_64_TO_32_BIT_CONVERSION = YES;
				GCC_WARN_ABOUT_RETURN_TYPE = YES_ERROR;
				GCC_WARN_UNDECLARED_SELECTOR = YES;
				GCC_WARN_UNINITIALIZED_AUTOS = YES_AGGRESSIVE;
				GCC_WARN_UNUSED_FUNCTION = YES;
				GCC_WARN_UNUSED_VARIABLE = YES;
				IPHONEOS_DEPLOYMENT_TARGET = 10.2;
				MTL_ENABLE_DEBUG_INFO = YES;
				ONLY_ACTIVE_ARCH = YES;
				SDKROOT = iphoneos;
				SWIFT_ACTIVE_COMPILATION_CONDITIONS = DEBUG;
				SWIFT_OPTIMIZATION_LEVEL = "-Onone";
			};
			name = Debug;
		};
		D8D94E5B1E38F43C00AF8E3C /* Release */ = {
			isa = XCBuildConfiguration;
			buildSettings = {
				ALWAYS_SEARCH_USER_PATHS = NO;
				CLANG_ANALYZER_NONNULL = YES;
				CLANG_CXX_LANGUAGE_STANDARD = "gnu++0x";
				CLANG_CXX_LIBRARY = "libc++";
				CLANG_ENABLE_MODULES = YES;
				CLANG_ENABLE_OBJC_ARC = YES;
				CLANG_WARN_BOOL_CONVERSION = YES;
				CLANG_WARN_CONSTANT_CONVERSION = YES;
				CLANG_WARN_DIRECT_OBJC_ISA_USAGE = YES_ERROR;
				CLANG_WARN_DOCUMENTATION_COMMENTS = YES;
				CLANG_WARN_EMPTY_BODY = YES;
				CLANG_WARN_ENUM_CONVERSION = YES;
				CLANG_WARN_INFINITE_RECURSION = YES;
				CLANG_WARN_INT_CONVERSION = YES;
				CLANG_WARN_OBJC_ROOT_CLASS = YES_ERROR;
				CLANG_WARN_SUSPICIOUS_MOVE = YES;
				CLANG_WARN_UNREACHABLE_CODE = YES;
				CLANG_WARN__DUPLICATE_METHOD_MATCH = YES;
				"CODE_SIGN_IDENTITY[sdk=iphoneos*]" = "iPhone Developer";
				COPY_PHASE_STRIP = NO;
				DEBUG_INFORMATION_FORMAT = "dwarf-with-dsym";
				ENABLE_NS_ASSERTIONS = NO;
				ENABLE_STRICT_OBJC_MSGSEND = YES;
				GCC_C_LANGUAGE_STANDARD = gnu99;
				GCC_NO_COMMON_BLOCKS = YES;
				GCC_WARN_64_TO_32_BIT_CONVERSION = YES;
				GCC_WARN_ABOUT_RETURN_TYPE = YES_ERROR;
				GCC_WARN_UNDECLARED_SELECTOR = YES;
				GCC_WARN_UNINITIALIZED_AUTOS = YES_AGGRESSIVE;
				GCC_WARN_UNUSED_FUNCTION = YES;
				GCC_WARN_UNUSED_VARIABLE = YES;
				IPHONEOS_DEPLOYMENT_TARGET = 10.2;
				MTL_ENABLE_DEBUG_INFO = NO;
				SDKROOT = iphoneos;
				SWIFT_OPTIMIZATION_LEVEL = "-Owholemodule";
				VALIDATE_PRODUCT = YES;
			};
			name = Release;
		};
		D8D94E5D1E38F43C00AF8E3C /* Debug */ = {
			isa = XCBuildConfiguration;
			baseConfigurationReference = F045EC41540AD1324F6C6E7B /* Pods-WeatherGif.debug.xcconfig */;
			buildSettings = {
				ASSETCATALOG_COMPILER_APPICON_NAME = AppIcon;
				INFOPLIST_FILE = WeatherGif/Info.plist;
				LD_RUNPATH_SEARCH_PATHS = "$(inherited) @executable_path/Frameworks";
				PRODUCT_BUNDLE_IDENTIFIER = com.joebenton.WeatherGif;
				PRODUCT_NAME = "$(TARGET_NAME)";
				SWIFT_VERSION = 3.0;
			};
			name = Debug;
		};
		D8D94E5E1E38F43C00AF8E3C /* Release */ = {
			isa = XCBuildConfiguration;
			baseConfigurationReference = 28EBF35B496A41ED1FC887A3 /* Pods-WeatherGif.release.xcconfig */;
			buildSettings = {
				ASSETCATALOG_COMPILER_APPICON_NAME = AppIcon;
				INFOPLIST_FILE = WeatherGif/Info.plist;
				LD_RUNPATH_SEARCH_PATHS = "$(inherited) @executable_path/Frameworks";
				PRODUCT_BUNDLE_IDENTIFIER = com.joebenton.WeatherGif;
				PRODUCT_NAME = "$(TARGET_NAME)";
				SWIFT_VERSION = 3.0;
			};
			name = Release;
		};
		D8D94E601E38F43C00AF8E3C /* Debug */ = {
			isa = XCBuildConfiguration;
			baseConfigurationReference = A35E28F9BEB8879EEC8251A9 /* Pods-WeatherGifTests.debug.xcconfig */;
			buildSettings = {
				BUNDLE_LOADER = "$(TEST_HOST)";
				INFOPLIST_FILE = WeatherGifTests/Info.plist;
				LD_RUNPATH_SEARCH_PATHS = "$(inherited) @executable_path/Frameworks @loader_path/Frameworks";
				PRODUCT_BUNDLE_IDENTIFIER = com.joebenton.WeatherGifTests;
				PRODUCT_NAME = "$(TARGET_NAME)";
				SWIFT_VERSION = 3.0;
				TEST_HOST = "$(BUILT_PRODUCTS_DIR)/WeatherGif.app/WeatherGif";
			};
			name = Debug;
		};
		D8D94E611E38F43C00AF8E3C /* Release */ = {
			isa = XCBuildConfiguration;
			baseConfigurationReference = C1A51E726423B34C40A83911 /* Pods-WeatherGifTests.release.xcconfig */;
			buildSettings = {
				BUNDLE_LOADER = "$(TEST_HOST)";
				INFOPLIST_FILE = WeatherGifTests/Info.plist;
				LD_RUNPATH_SEARCH_PATHS = "$(inherited) @executable_path/Frameworks @loader_path/Frameworks";
				PRODUCT_BUNDLE_IDENTIFIER = com.joebenton.WeatherGifTests;
				PRODUCT_NAME = "$(TARGET_NAME)";
				SWIFT_VERSION = 3.0;
				TEST_HOST = "$(BUILT_PRODUCTS_DIR)/WeatherGif.app/WeatherGif";
			};
			name = Release;
		};
/* End XCBuildConfiguration section */

/* Begin XCConfigurationList section */
		D8D94E3A1E38F43C00AF8E3C /* Build configuration list for PBXProject "WeatherGif" */ = {
			isa = XCConfigurationList;
			buildConfigurations = (
				D8D94E5A1E38F43C00AF8E3C /* Debug */,
				D8D94E5B1E38F43C00AF8E3C /* Release */,
			);
			defaultConfigurationIsVisible = 0;
			defaultConfigurationName = Release;
		};
		D8D94E5C1E38F43C00AF8E3C /* Build configuration list for PBXNativeTarget "WeatherGif" */ = {
			isa = XCConfigurationList;
			buildConfigurations = (
				D8D94E5D1E38F43C00AF8E3C /* Debug */,
				D8D94E5E1E38F43C00AF8E3C /* Release */,
			);
			defaultConfigurationIsVisible = 0;
			defaultConfigurationName = Release;
		};
		D8D94E5F1E38F43C00AF8E3C /* Build configuration list for PBXNativeTarget "WeatherGifTests" */ = {
			isa = XCConfigurationList;
			buildConfigurations = (
				D8D94E601E38F43C00AF8E3C /* Debug */,
				D8D94E611E38F43C00AF8E3C /* Release */,
			);
			defaultConfigurationIsVisible = 0;
			defaultConfigurationName = Release;
		};
/* End XCConfigurationList section */
	};
	rootObject = D8D94E371E38F43C00AF8E3C /* Project object */;
}
